
Microsoft Visual Studio Solution File, Format Version 12.00
# Visual Studio 14
VisualStudioVersion = 14.0.24720.0
MinimumVisualStudioVersion = 10.0.40219.1
Project("{FAE04EC0-301F-11D3-BF4B-00C04F79EFBC}") = "appWeb", "appWeb\appWeb.csproj", "{7AC88E25-B40C-42E6-94B9-ABD27832028C}"
EndProject
Global
	GlobalSection(SolutionConfigurationPlatforms) = preSolution
		Debug|Any CPU = Debug|Any CPU
		Release|Any CPU = Release|Any CPU
	EndGlobalSection
	GlobalSection(ProjectConfigurationPlatforms) = postSolution
		{7AC88E25-B40C-42E6-94B9-ABD27832028C}.Debug|Any CPU.ActiveCfg = Debug|Any CPU
		{7AC88E25-B40C-42E6-94B9-ABD27832028C}.Debug|Any CPU.Build.0 = Debug|Any CPU
		{7AC88E25-B40C-42E6-94B9-ABD27832028C}.Release|Any CPU.ActiveCfg = Release|Any CPU
		{7AC88E25-B40C-42E6-94B9-ABD27832028C}.Release|Any CPU.Build.0 = Release|Any CPU
	EndGlobalSection
	GlobalSection(SolutionProperties) = preSolution
		HideSolutionNode = FALSE
	EndGlobalSection
EndGlobal
